
Microsoft Visual Studio Solution File, Format Version 12.00
# Visual Studio 14
VisualStudioVersion = 14.0.25123.0
MinimumVisualStudioVersion = 10.0.40219.1
Project("{FAE04EC0-301F-11D3-BF4B-00C04F79EFBC}") = "DataLink", "DataLink\DataLink.csproj", "{2FF61617-A337-49E0-8342-73CB8AEA3790}"
EndProject
Project("{FAE04EC0-301F-11D3-BF4B-00C04F79EFBC}") = "DataLink.Driver.S7", "DataLink.Driver.S7\DataLink.Driver.S7.csproj", "{5E270A2B-10FD-4B74-A41A-DAAD79A4A8E6}"
EndProject
Project("{2150E333-8FDC-42A3-9474-1A3956D46DE8}") = "Tests", "Tests", "{7F3D1E9B-CAAA-44DA-A395-5152F54FAD26}"
EndProject
Project("{FAE04EC0-301F-11D3-BF4B-00C04F79EFBC}") = "DataLink.Core", "DataLink.Core\DataLink.Core.csproj", "{072F7D72-0E31-4A40-B76A-127744B08295}"
EndProject
Project("{2150E333-8FDC-42A3-9474-1A3956D46DE8}") = "Solution Items", "Solution Items", "{60DF8381-E8DD-4F75-A28F-EF4199A76C5E}"
	ProjectSection(SolutionItems) = preProject
		README.txt = README.txt
		TODO.txt = TODO.txt
	EndProjectSection
EndProject
Project("{FAE04EC0-301F-11D3-BF4B-00C04F79EFBC}") = "AzureClientTests", "Tests\AzureClientTests\AzureClientTests.csproj", "{22DA4FB2-3326-46CD-97A0-CC420D6421E3}"
EndProject
Project("{FAE04EC0-301F-11D3-BF4B-00C04F79EFBC}") = "UwpTestRunner", "Tests\UwpTestRunner\UwpTestRunner.csproj", "{80D151AB-E7A3-4F54-BD8D-785AE2341C9C}"
EndProject
Project("{FAE04EC0-301F-11D3-BF4B-00C04F79EFBC}") = "DataLink.Tests", "Tests\DataLink.Tests\DataLink.Tests.csproj", "{24B8BF53-FAC8-42B7-8383-0F0CA65A7000}"
EndProject
Project("{2150E333-8FDC-42A3-9474-1A3956D46DE8}") = "Tools", "Tools", "{20FF469A-5EDC-4D39-B379-B5F48878A730}"
EndProject
Project("{FAE04EC0-301F-11D3-BF4B-00C04F79EFBC}") = "CreateDeviceIdentity", "Tools\CreateDeviceIdentity\CreateDeviceIdentity.csproj", "{A76EF227-C34D-4C6A-AF3A-54F03F398B1E}"
EndProject
Project("{2150E333-8FDC-42A3-9474-1A3956D46DE8}") = "OpcUa", "OpcUa", "{3993FA9E-FD6A-4DAF-BF4D-887B902BE942}"
EndProject
Project("{2150E333-8FDC-42A3-9474-1A3956D46DE8}") = "SDK", "SDK", "{71AC898E-A267-4384-929C-1D3533C03E55}"
EndProject
Project("{2150E333-8FDC-42A3-9474-1A3956D46DE8}") = "Core", "Core", "{75A8B7EB-8544-4026-B915-52BEC276EB54}"
EndProject
Project("{FAE04EC0-301F-11D3-BF4B-00C04F79EFBC}") = "Opc.Ua.Core", "OpcUa\Core\Opc.Ua.Core.csproj", "{AA9D8D17-5DBD-4E77-8496-E32177573BF3}"
EndProject
Project("{FAE04EC0-301F-11D3-BF4B-00C04F79EFBC}") = "Opc.Ua.Server", "OpcUa\SDK\Server\Opc.Ua.Server.csproj", "{ABCAD618-B747-4794-9563-33E018FDBB93}"
EndProject
Project("{FAE04EC0-301F-11D3-BF4B-00C04F79EFBC}") = "Opc.Ua.Configuration", "OpcUa\SDK\Configuration\Opc.Ua.Configuration.csproj", "{26A56753-9326-48C3-95BB-11594293B7A8}"
EndProject
Project("{2150E333-8FDC-42A3-9474-1A3956D46DE8}") = "Common", "Common", "{0524949F-EE47-4B54-8D71-568C9A680736}"
EndProject
Project("{FAE04EC0-301F-11D3-BF4B-00C04F79EFBC}") = "Opc.Ua.Sample", "OpcUa\Common\Opc.Ua.Sample.csproj", "{F9E0DBB6-FD8D-4871-B179-BBF3A2A3CDA1}"
EndProject
Project("{FAE04EC0-301F-11D3-BF4B-00C04F79EFBC}") = "Opc.Ua.Client", "OpcUa\SDK\Client\Opc.Ua.Client.csproj", "{B89BFA9D-419F-49B4-8210-286E7167E646}"
EndProject
Global
	GlobalSection(SolutionConfigurationPlatforms) = preSolution
		Debug|Any CPU = Debug|Any CPU
		Debug|ARM = Debug|ARM
		Debug|x64 = Debug|x64
		Debug|x86 = Debug|x86
		Release|Any CPU = Release|Any CPU
		Release|ARM = Release|ARM
		Release|x64 = Release|x64
		Release|x86 = Release|x86
	EndGlobalSection
	GlobalSection(ProjectConfigurationPlatforms) = postSolution
		{2FF61617-A337-49E0-8342-73CB8AEA3790}.Debug|Any CPU.ActiveCfg = Debug|x86
		{2FF61617-A337-49E0-8342-73CB8AEA3790}.Debug|ARM.ActiveCfg = Debug|ARM
		{2FF61617-A337-49E0-8342-73CB8AEA3790}.Debug|ARM.Build.0 = Debug|ARM
		{2FF61617-A337-49E0-8342-73CB8AEA3790}.Debug|ARM.Deploy.0 = Debug|ARM
		{2FF61617-A337-49E0-8342-73CB8AEA3790}.Debug|x64.ActiveCfg = Debug|x64
		{2FF61617-A337-49E0-8342-73CB8AEA3790}.Debug|x64.Build.0 = Debug|x64
		{2FF61617-A337-49E0-8342-73CB8AEA3790}.Debug|x64.Deploy.0 = Debug|x64
		{2FF61617-A337-49E0-8342-73CB8AEA3790}.Debug|x86.ActiveCfg = Debug|x86
		{2FF61617-A337-49E0-8342-73CB8AEA3790}.Debug|x86.Build.0 = Debug|x86
		{2FF61617-A337-49E0-8342-73CB8AEA3790}.Debug|x86.Deploy.0 = Debug|x86
		{2FF61617-A337-49E0-8342-73CB8AEA3790}.Release|Any CPU.ActiveCfg = Release|x86
		{2FF61617-A337-49E0-8342-73CB8AEA3790}.Release|ARM.ActiveCfg = Release|ARM
		{2FF61617-A337-49E0-8342-73CB8AEA3790}.Release|ARM.Build.0 = Release|ARM
		{2FF61617-A337-49E0-8342-73CB8AEA3790}.Release|ARM.Deploy.0 = Release|ARM
		{2FF61617-A337-49E0-8342-73CB8AEA3790}.Release|x64.ActiveCfg = Release|x64
		{2FF61617-A337-49E0-8342-73CB8AEA3790}.Release|x64.Build.0 = Release|x64
		{2FF61617-A337-49E0-8342-73CB8AEA3790}.Release|x64.Deploy.0 = Release|x64
		{2FF61617-A337-49E0-8342-73CB8AEA3790}.Release|x86.ActiveCfg = Release|x86
		{2FF61617-A337-49E0-8342-73CB8AEA3790}.Release|x86.Build.0 = Release|x86
		{2FF61617-A337-49E0-8342-73CB8AEA3790}.Release|x86.Deploy.0 = Release|x86
		{5E270A2B-10FD-4B74-A41A-DAAD79A4A8E6}.Debug|Any CPU.ActiveCfg = Debug|Any CPU
		{5E270A2B-10FD-4B74-A41A-DAAD79A4A8E6}.Debug|Any CPU.Build.0 = Debug|Any CPU
		{5E270A2B-10FD-4B74-A41A-DAAD79A4A8E6}.Debug|ARM.ActiveCfg = Debug|ARM
		{5E270A2B-10FD-4B74-A41A-DAAD79A4A8E6}.Debug|ARM.Build.0 = Debug|ARM
		{5E270A2B-10FD-4B74-A41A-DAAD79A4A8E6}.Debug|x64.ActiveCfg = Debug|x64
		{5E270A2B-10FD-4B74-A41A-DAAD79A4A8E6}.Debug|x64.Build.0 = Debug|x64
		{5E270A2B-10FD-4B74-A41A-DAAD79A4A8E6}.Debug|x86.ActiveCfg = Debug|x86
		{5E270A2B-10FD-4B74-A41A-DAAD79A4A8E6}.Debug|x86.Build.0 = Debug|x86
		{5E270A2B-10FD-4B74-A41A-DAAD79A4A8E6}.Release|Any CPU.ActiveCfg = Release|Any CPU
		{5E270A2B-10FD-4B74-A41A-DAAD79A4A8E6}.Release|Any CPU.Build.0 = Release|Any CPU
		{5E270A2B-10FD-4B74-A41A-DAAD79A4A8E6}.Release|ARM.ActiveCfg = Release|ARM
		{5E270A2B-10FD-4B74-A41A-DAAD79A4A8E6}.Release|ARM.Build.0 = Release|ARM
		{5E270A2B-10FD-4B74-A41A-DAAD79A4A8E6}.Release|x64.ActiveCfg = Release|x64
		{5E270A2B-10FD-4B74-A41A-DAAD79A4A8E6}.Release|x64.Build.0 = Release|x64
		{5E270A2B-10FD-4B74-A41A-DAAD79A4A8E6}.Release|x86.ActiveCfg = Release|x86
		{5E270A2B-10FD-4B74-A41A-DAAD79A4A8E6}.Release|x86.Build.0 = Release|x86
		{072F7D72-0E31-4A40-B76A-127744B08295}.Debug|Any CPU.ActiveCfg = Debug|Any CPU
		{072F7D72-0E31-4A40-B76A-127744B08295}.Debug|Any CPU.Build.0 = Debug|Any CPU
		{072F7D72-0E31-4A40-B76A-127744B08295}.Debug|ARM.ActiveCfg = Debug|ARM
		{072F7D72-0E31-4A40-B76A-127744B08295}.Debug|ARM.Build.0 = Debug|ARM
		{072F7D72-0E31-4A40-B76A-127744B08295}.Debug|x64.ActiveCfg = Debug|x64
		{072F7D72-0E31-4A40-B76A-127744B08295}.Debug|x64.Build.0 = Debug|x64
		{072F7D72-0E31-4A40-B76A-127744B08295}.Debug|x86.ActiveCfg = Debug|x86
		{072F7D72-0E31-4A40-B76A-127744B08295}.Debug|x86.Build.0 = Debug|x86
		{072F7D72-0E31-4A40-B76A-127744B08295}.Release|Any CPU.ActiveCfg = Release|Any CPU
		{072F7D72-0E31-4A40-B76A-127744B08295}.Release|Any CPU.Build.0 = Release|Any CPU
		{072F7D72-0E31-4A40-B76A-127744B08295}.Release|ARM.ActiveCfg = Release|ARM
		{072F7D72-0E31-4A40-B76A-127744B08295}.Release|ARM.Build.0 = Release|ARM
		{072F7D72-0E31-4A40-B76A-127744B08295}.Release|x64.ActiveCfg = Release|x64
		{072F7D72-0E31-4A40-B76A-127744B08295}.Release|x64.Build.0 = Release|x64
		{072F7D72-0E31-4A40-B76A-127744B08295}.Release|x86.ActiveCfg = Release|x86
		{072F7D72-0E31-4A40-B76A-127744B08295}.Release|x86.Build.0 = Release|x86
		{22DA4FB2-3326-46CD-97A0-CC420D6421E3}.Debug|Any CPU.ActiveCfg = Debug|Any CPU
		{22DA4FB2-3326-46CD-97A0-CC420D6421E3}.Debug|Any CPU.Build.0 = Debug|Any CPU
		{22DA4FB2-3326-46CD-97A0-CC420D6421E3}.Debug|ARM.ActiveCfg = Debug|Any CPU
		{22DA4FB2-3326-46CD-97A0-CC420D6421E3}.Debug|ARM.Build.0 = Debug|Any CPU
		{22DA4FB2-3326-46CD-97A0-CC420D6421E3}.Debug|x64.ActiveCfg = Debug|Any CPU
		{22DA4FB2-3326-46CD-97A0-CC420D6421E3}.Debug|x64.Build.0 = Debug|Any CPU
		{22DA4FB2-3326-46CD-97A0-CC420D6421E3}.Debug|x86.ActiveCfg = Debug|Any CPU
		{22DA4FB2-3326-46CD-97A0-CC420D6421E3}.Debug|x86.Build.0 = Debug|Any CPU
		{22DA4FB2-3326-46CD-97A0-CC420D6421E3}.Release|Any CPU.ActiveCfg = Release|Any CPU
		{22DA4FB2-3326-46CD-97A0-CC420D6421E3}.Release|Any CPU.Build.0 = Release|Any CPU
		{22DA4FB2-3326-46CD-97A0-CC420D6421E3}.Release|ARM.ActiveCfg = Release|Any CPU
		{22DA4FB2-3326-46CD-97A0-CC420D6421E3}.Release|ARM.Build.0 = Release|Any CPU
		{22DA4FB2-3326-46CD-97A0-CC420D6421E3}.Release|x64.ActiveCfg = Release|Any CPU
		{22DA4FB2-3326-46CD-97A0-CC420D6421E3}.Release|x64.Build.0 = Release|Any CPU
		{22DA4FB2-3326-46CD-97A0-CC420D6421E3}.Release|x86.ActiveCfg = Release|Any CPU
		{22DA4FB2-3326-46CD-97A0-CC420D6421E3}.Release|x86.Build.0 = Release|Any CPU
		{80D151AB-E7A3-4F54-BD8D-785AE2341C9C}.Debug|Any CPU.ActiveCfg = Debug|x86
		{80D151AB-E7A3-4F54-BD8D-785AE2341C9C}.Debug|ARM.ActiveCfg = Debug|ARM
		{80D151AB-E7A3-4F54-BD8D-785AE2341C9C}.Debug|ARM.Build.0 = Debug|ARM
		{80D151AB-E7A3-4F54-BD8D-785AE2341C9C}.Debug|ARM.Deploy.0 = Debug|ARM
		{80D151AB-E7A3-4F54-BD8D-785AE2341C9C}.Debug|x64.ActiveCfg = Debug|x64
		{80D151AB-E7A3-4F54-BD8D-785AE2341C9C}.Debug|x64.Build.0 = Debug|x64
		{80D151AB-E7A3-4F54-BD8D-785AE2341C9C}.Debug|x64.Deploy.0 = Debug|x64
		{80D151AB-E7A3-4F54-BD8D-785AE2341C9C}.Debug|x86.ActiveCfg = Debug|x86
		{80D151AB-E7A3-4F54-BD8D-785AE2341C9C}.Debug|x86.Build.0 = Debug|x86
		{80D151AB-E7A3-4F54-BD8D-785AE2341C9C}.Debug|x86.Deploy.0 = Debug|x86
		{80D151AB-E7A3-4F54-BD8D-785AE2341C9C}.Release|Any CPU.ActiveCfg = Release|x86
		{80D151AB-E7A3-4F54-BD8D-785AE2341C9C}.Release|ARM.ActiveCfg = Release|ARM
		{80D151AB-E7A3-4F54-BD8D-785AE2341C9C}.Release|ARM.Build.0 = Release|ARM
		{80D151AB-E7A3-4F54-BD8D-785AE2341C9C}.Release|ARM.Deploy.0 = Release|ARM
		{80D151AB-E7A3-4F54-BD8D-785AE2341C9C}.Release|x64.ActiveCfg = Release|x64
		{80D151AB-E7A3-4F54-BD8D-785AE2341C9C}.Release|x64.Build.0 = Release|x64
		{80D151AB-E7A3-4F54-BD8D-785AE2341C9C}.Release|x64.Deploy.0 = Release|x64
		{80D151AB-E7A3-4F54-BD8D-785AE2341C9C}.Release|x86.ActiveCfg = Release|x86
		{80D151AB-E7A3-4F54-BD8D-785AE2341C9C}.Release|x86.Build.0 = Release|x86
		{80D151AB-E7A3-4F54-BD8D-785AE2341C9C}.Release|x86.Deploy.0 = Release|x86
		{24B8BF53-FAC8-42B7-8383-0F0CA65A7000}.Debug|Any CPU.ActiveCfg = Debug|x86
		{24B8BF53-FAC8-42B7-8383-0F0CA65A7000}.Debug|ARM.ActiveCfg = Debug|ARM
		{24B8BF53-FAC8-42B7-8383-0F0CA65A7000}.Debug|ARM.Build.0 = Debug|ARM
		{24B8BF53-FAC8-42B7-8383-0F0CA65A7000}.Debug|ARM.Deploy.0 = Debug|ARM
		{24B8BF53-FAC8-42B7-8383-0F0CA65A7000}.Debug|x64.ActiveCfg = Debug|x64
		{24B8BF53-FAC8-42B7-8383-0F0CA65A7000}.Debug|x64.Build.0 = Debug|x64
		{24B8BF53-FAC8-42B7-8383-0F0CA65A7000}.Debug|x64.Deploy.0 = Debug|x64
		{24B8BF53-FAC8-42B7-8383-0F0CA65A7000}.Debug|x86.ActiveCfg = Debug|x86
		{24B8BF53-FAC8-42B7-8383-0F0CA65A7000}.Debug|x86.Build.0 = Debug|x86
		{24B8BF53-FAC8-42B7-8383-0F0CA65A7000}.Debug|x86.Deploy.0 = Debug|x86
		{24B8BF53-FAC8-42B7-8383-0F0CA65A7000}.Release|Any CPU.ActiveCfg = Release|x86
		{24B8BF53-FAC8-42B7-8383-0F0CA65A7000}.Release|ARM.ActiveCfg = Release|ARM
		{24B8BF53-FAC8-42B7-8383-0F0CA65A7000}.Release|ARM.Build.0 = Release|ARM
		{24B8BF53-FAC8-42B7-8383-0F0CA65A7000}.Release|ARM.Deploy.0 = Release|ARM
		{24B8BF53-FAC8-42B7-8383-0F0CA65A7000}.Release|x64.ActiveCfg = Release|x64
		{24B8BF53-FAC8-42B7-8383-0F0CA65A7000}.Release|x64.Build.0 = Release|x64
		{24B8BF53-FAC8-42B7-8383-0F0CA65A7000}.Release|x64.Deploy.0 = Release|x64
		{24B8BF53-FAC8-42B7-8383-0F0CA65A7000}.Release|x86.ActiveCfg = Release|x86
		{24B8BF53-FAC8-42B7-8383-0F0CA65A7000}.Release|x86.Build.0 = Release|x86
		{24B8BF53-FAC8-42B7-8383-0F0CA65A7000}.Release|x86.Deploy.0 = Release|x86
		{A76EF227-C34D-4C6A-AF3A-54F03F398B1E}.Debug|Any CPU.ActiveCfg = Debug|Any CPU
		{A76EF227-C34D-4C6A-AF3A-54F03F398B1E}.Debug|Any CPU.Build.0 = Debug|Any CPU
		{A76EF227-C34D-4C6A-AF3A-54F03F398B1E}.Debug|ARM.ActiveCfg = Debug|Any CPU
		{A76EF227-C34D-4C6A-AF3A-54F03F398B1E}.Debug|ARM.Build.0 = Debug|Any CPU
		{A76EF227-C34D-4C6A-AF3A-54F03F398B1E}.Debug|x64.ActiveCfg = Debug|Any CPU
		{A76EF227-C34D-4C6A-AF3A-54F03F398B1E}.Debug|x64.Build.0 = Debug|Any CPU
		{A76EF227-C34D-4C6A-AF3A-54F03F398B1E}.Debug|x86.ActiveCfg = Debug|Any CPU
		{A76EF227-C34D-4C6A-AF3A-54F03F398B1E}.Debug|x86.Build.0 = Debug|Any CPU
		{A76EF227-C34D-4C6A-AF3A-54F03F398B1E}.Release|Any CPU.ActiveCfg = Release|Any CPU
		{A76EF227-C34D-4C6A-AF3A-54F03F398B1E}.Release|Any CPU.Build.0 = Release|Any CPU
		{A76EF227-C34D-4C6A-AF3A-54F03F398B1E}.Release|ARM.ActiveCfg = Release|Any CPU
		{A76EF227-C34D-4C6A-AF3A-54F03F398B1E}.Release|ARM.Build.0 = Release|Any CPU
		{A76EF227-C34D-4C6A-AF3A-54F03F398B1E}.Release|x64.ActiveCfg = Release|Any CPU
		{A76EF227-C34D-4C6A-AF3A-54F03F398B1E}.Release|x64.Build.0 = Release|Any CPU
		{A76EF227-C34D-4C6A-AF3A-54F03F398B1E}.Release|x86.ActiveCfg = Release|Any CPU
		{A76EF227-C34D-4C6A-AF3A-54F03F398B1E}.Release|x86.Build.0 = Release|Any CPU
		{AA9D8D17-5DBD-4E77-8496-E32177573BF3}.Debug|Any CPU.ActiveCfg = Debug|Any CPU
		{AA9D8D17-5DBD-4E77-8496-E32177573BF3}.Debug|Any CPU.Build.0 = Debug|Any CPU
		{AA9D8D17-5DBD-4E77-8496-E32177573BF3}.Debug|ARM.ActiveCfg = Debug|ARM
		{AA9D8D17-5DBD-4E77-8496-E32177573BF3}.Debug|ARM.Build.0 = Debug|ARM
		{AA9D8D17-5DBD-4E77-8496-E32177573BF3}.Debug|x64.ActiveCfg = Debug|x64
		{AA9D8D17-5DBD-4E77-8496-E32177573BF3}.Debug|x64.Build.0 = Debug|x64
		{AA9D8D17-5DBD-4E77-8496-E32177573BF3}.Debug|x86.ActiveCfg = Debug|x86
		{AA9D8D17-5DBD-4E77-8496-E32177573BF3}.Debug|x86.Build.0 = Debug|x86
		{AA9D8D17-5DBD-4E77-8496-E32177573BF3}.Release|Any CPU.ActiveCfg = Release|Any CPU
		{AA9D8D17-5DBD-4E77-8496-E32177573BF3}.Release|Any CPU.Build.0 = Release|Any CPU
		{AA9D8D17-5DBD-4E77-8496-E32177573BF3}.Release|ARM.ActiveCfg = Release|ARM
		{AA9D8D17-5DBD-4E77-8496-E32177573BF3}.Release|ARM.Build.0 = Release|ARM
		{AA9D8D17-5DBD-4E77-8496-E32177573BF3}.Release|x64.ActiveCfg = Release|x64
		{AA9D8D17-5DBD-4E77-8496-E32177573BF3}.Release|x64.Build.0 = Release|x64
		{AA9D8D17-5DBD-4E77-8496-E32177573BF3}.Release|x86.ActiveCfg = Release|x86
		{AA9D8D17-5DBD-4E77-8496-E32177573BF3}.Release|x86.Build.0 = Release|x86
		{ABCAD618-B747-4794-9563-33E018FDBB93}.Debug|Any CPU.ActiveCfg = Debug|Any CPU
		{ABCAD618-B747-4794-9563-33E018FDBB93}.Debug|Any CPU.Build.0 = Debug|Any CPU
		{ABCAD618-B747-4794-9563-33E018FDBB93}.Debug|ARM.ActiveCfg = Debug|ARM
		{ABCAD618-B747-4794-9563-33E018FDBB93}.Debug|ARM.Build.0 = Debug|ARM
		{ABCAD618-B747-4794-9563-33E018FDBB93}.Debug|x64.ActiveCfg = Debug|x64
		{ABCAD618-B747-4794-9563-33E018FDBB93}.Debug|x64.Build.0 = Debug|x64
		{ABCAD618-B747-4794-9563-33E018FDBB93}.Debug|x86.ActiveCfg = Debug|x86
		{ABCAD618-B747-4794-9563-33E018FDBB93}.Debug|x86.Build.0 = Debug|x86
		{ABCAD618-B747-4794-9563-33E018FDBB93}.Release|Any CPU.ActiveCfg = Release|Any CPU
		{ABCAD618-B747-4794-9563-33E018FDBB93}.Release|Any CPU.Build.0 = Release|Any CPU
		{ABCAD618-B747-4794-9563-33E018FDBB93}.Release|ARM.ActiveCfg = Release|ARM
		{ABCAD618-B747-4794-9563-33E018FDBB93}.Release|ARM.Build.0 = Release|ARM
		{ABCAD618-B747-4794-9563-33E018FDBB93}.Release|x64.ActiveCfg = Release|x64
		{ABCAD618-B747-4794-9563-33E018FDBB93}.Release|x64.Build.0 = Release|x64
		{ABCAD618-B747-4794-9563-33E018FDBB93}.Release|x86.ActiveCfg = Release|x86
		{ABCAD618-B747-4794-9563-33E018FDBB93}.Release|x86.Build.0 = Release|x86
		{26A56753-9326-48C3-95BB-11594293B7A8}.Debug|Any CPU.ActiveCfg = Debug|Any CPU
		{26A56753-9326-48C3-95BB-11594293B7A8}.Debug|Any CPU.Build.0 = Debug|Any CPU
		{26A56753-9326-48C3-95BB-11594293B7A8}.Debug|ARM.ActiveCfg = Debug|ARM
		{26A56753-9326-48C3-95BB-11594293B7A8}.Debug|ARM.Build.0 = Debug|ARM
		{26A56753-9326-48C3-95BB-11594293B7A8}.Debug|x64.ActiveCfg = Debug|x64
		{26A56753-9326-48C3-95BB-11594293B7A8}.Debug|x64.Build.0 = Debug|x64
		{26A56753-9326-48C3-95BB-11594293B7A8}.Debug|x86.ActiveCfg = Debug|x86
		{26A56753-9326-48C3-95BB-11594293B7A8}.Debug|x86.Build.0 = Debug|x86
		{26A56753-9326-48C3-95BB-11594293B7A8}.Release|Any CPU.ActiveCfg = Release|Any CPU
		{26A56753-9326-48C3-95BB-11594293B7A8}.Release|Any CPU.Build.0 = Release|Any CPU
		{26A56753-9326-48C3-95BB-11594293B7A8}.Release|ARM.ActiveCfg = Release|ARM
		{26A56753-9326-48C3-95BB-11594293B7A8}.Release|ARM.Build.0 = Release|ARM
		{26A56753-9326-48C3-95BB-11594293B7A8}.Release|x64.ActiveCfg = Release|x64
		{26A56753-9326-48C3-95BB-11594293B7A8}.Release|x64.Build.0 = Release|x64
		{26A56753-9326-48C3-95BB-11594293B7A8}.Release|x86.ActiveCfg = Release|x86
		{26A56753-9326-48C3-95BB-11594293B7A8}.Release|x86.Build.0 = Release|x86
		{F9E0DBB6-FD8D-4871-B179-BBF3A2A3CDA1}.Debug|Any CPU.ActiveCfg = Debug|Any CPU
		{F9E0DBB6-FD8D-4871-B179-BBF3A2A3CDA1}.Debug|Any CPU.Build.0 = Debug|Any CPU
		{F9E0DBB6-FD8D-4871-B179-BBF3A2A3CDA1}.Debug|ARM.ActiveCfg = Debug|ARM
		{F9E0DBB6-FD8D-4871-B179-BBF3A2A3CDA1}.Debug|ARM.Build.0 = Debug|ARM
		{F9E0DBB6-FD8D-4871-B179-BBF3A2A3CDA1}.Debug|x64.ActiveCfg = Debug|x64
		{F9E0DBB6-FD8D-4871-B179-BBF3A2A3CDA1}.Debug|x64.Build.0 = Debug|x64
		{F9E0DBB6-FD8D-4871-B179-BBF3A2A3CDA1}.Debug|x86.ActiveCfg = Debug|x86
		{F9E0DBB6-FD8D-4871-B179-BBF3A2A3CDA1}.Debug|x86.Build.0 = Debug|x86
		{F9E0DBB6-FD8D-4871-B179-BBF3A2A3CDA1}.Release|Any CPU.ActiveCfg = Release|Any CPU
		{F9E0DBB6-FD8D-4871-B179-BBF3A2A3CDA1}.Release|Any CPU.Build.0 = Release|Any CPU
		{F9E0DBB6-FD8D-4871-B179-BBF3A2A3CDA1}.Release|ARM.ActiveCfg = Release|ARM
		{F9E0DBB6-FD8D-4871-B179-BBF3A2A3CDA1}.Release|ARM.Build.0 = Release|ARM
		{F9E0DBB6-FD8D-4871-B179-BBF3A2A3CDA1}.Release|x64.ActiveCfg = Release|x64
		{F9E0DBB6-FD8D-4871-B179-BBF3A2A3CDA1}.Release|x64.Build.0 = Release|x64
		{F9E0DBB6-FD8D-4871-B179-BBF3A2A3CDA1}.Release|x86.ActiveCfg = Release|x86
		{F9E0DBB6-FD8D-4871-B179-BBF3A2A3CDA1}.Release|x86.Build.0 = Release|x86
		{B89BFA9D-419F-49B4-8210-286E7167E646}.Debug|Any CPU.ActiveCfg = Debug|Any CPU
		{B89BFA9D-419F-49B4-8210-286E7167E646}.Debug|Any CPU.Build.0 = Debug|Any CPU
		{B89BFA9D-419F-49B4-8210-286E7167E646}.Debug|ARM.ActiveCfg = Debug|ARM
		{B89BFA9D-419F-49B4-8210-286E7167E646}.Debug|ARM.Build.0 = Debug|ARM
		{B89BFA9D-419F-49B4-8210-286E7167E646}.Debug|x64.ActiveCfg = Debug|x64
		{B89BFA9D-419F-49B4-8210-286E7167E646}.Debug|x64.Build.0 = Debug|x64
		{B89BFA9D-419F-49B4-8210-286E7167E646}.Debug|x86.ActiveCfg = Debug|x86
		{B89BFA9D-419F-49B4-8210-286E7167E646}.Debug|x86.Build.0 = Debug|x86
		{B89BFA9D-419F-49B4-8210-286E7167E646}.Release|Any CPU.ActiveCfg = Release|Any CPU
		{B89BFA9D-419F-49B4-8210-286E7167E646}.Release|Any CPU.Build.0 = Release|Any CPU
		{B89BFA9D-419F-49B4-8210-286E7167E646}.Release|ARM.ActiveCfg = Release|ARM
		{B89BFA9D-419F-49B4-8210-286E7167E646}.Release|ARM.Build.0 = Release|ARM
		{B89BFA9D-419F-49B4-8210-286E7167E646}.Release|x64.ActiveCfg = Release|x64
		{B89BFA9D-419F-49B4-8210-286E7167E646}.Release|x64.Build.0 = Release|x64
		{B89BFA9D-419F-49B4-8210-286E7167E646}.Release|x86.ActiveCfg = Release|x86
		{B89BFA9D-419F-49B4-8210-286E7167E646}.Release|x86.Build.0 = Release|x86
	EndGlobalSection
	GlobalSection(SolutionProperties) = preSolution
		HideSolutionNode = FALSE
	EndGlobalSection
	GlobalSection(NestedProjects) = preSolution
		{22DA4FB2-3326-46CD-97A0-CC420D6421E3} = {7F3D1E9B-CAAA-44DA-A395-5152F54FAD26}
		{80D151AB-E7A3-4F54-BD8D-785AE2341C9C} = {7F3D1E9B-CAAA-44DA-A395-5152F54FAD26}
		{24B8BF53-FAC8-42B7-8383-0F0CA65A7000} = {7F3D1E9B-CAAA-44DA-A395-5152F54FAD26}
		{A76EF227-C34D-4C6A-AF3A-54F03F398B1E} = {20FF469A-5EDC-4D39-B379-B5F48878A730}
		{71AC898E-A267-4384-929C-1D3533C03E55} = {3993FA9E-FD6A-4DAF-BF4D-887B902BE942}
		{75A8B7EB-8544-4026-B915-52BEC276EB54} = {3993FA9E-FD6A-4DAF-BF4D-887B902BE942}
		{AA9D8D17-5DBD-4E77-8496-E32177573BF3} = {75A8B7EB-8544-4026-B915-52BEC276EB54}
		{ABCAD618-B747-4794-9563-33E018FDBB93} = {71AC898E-A267-4384-929C-1D3533C03E55}
		{26A56753-9326-48C3-95BB-11594293B7A8} = {71AC898E-A267-4384-929C-1D3533C03E55}
		{0524949F-EE47-4B54-8D71-568C9A680736} = {3993FA9E-FD6A-4DAF-BF4D-887B902BE942}
		{F9E0DBB6-FD8D-4871-B179-BBF3A2A3CDA1} = {0524949F-EE47-4B54-8D71-568C9A680736}
		{B89BFA9D-419F-49B4-8210-286E7167E646} = {71AC898E-A267-4384-929C-1D3533C03E55}
	EndGlobalSection
EndGlobal
