
Microsoft Visual Studio Solution File, Format Version 12.00
# Visual Studio 14
VisualStudioVersion = 14.0.25123.0
MinimumVisualStudioVersion = 10.0.40219.1
Project("{FAE04EC0-301F-11D3-BF4B-00C04F79EFBC}") = "DataLink.DataService", "DataLink.DataService\DataLink.DataService.csproj", "{1430AB75-F9DF-48A3-8498-54BCA4B263B9}"
EndProject
Project("{00D1A9C2-B5F0-4AF3-8072-F6C62B433612}") = "DataLink.Database", "DataLink.Database\DataLink.Database.sqlproj", "{0504DA41-0A70-47E5-B914-C69151A7A9AC}"
EndProject
Global
	GlobalSection(SolutionConfigurationPlatforms) = preSolution
		Debug|Any CPU = Debug|Any CPU
		Release|Any CPU = Release|Any CPU
	EndGlobalSection
	GlobalSection(ProjectConfigurationPlatforms) = postSolution
		{1430AB75-F9DF-48A3-8498-54BCA4B263B9}.Debug|Any CPU.ActiveCfg = Debug|Any CPU
		{1430AB75-F9DF-48A3-8498-54BCA4B263B9}.Debug|Any CPU.Build.0 = Debug|Any CPU
		{1430AB75-F9DF-48A3-8498-54BCA4B263B9}.Release|Any CPU.ActiveCfg = Release|Any CPU
		{1430AB75-F9DF-48A3-8498-54BCA4B263B9}.Release|Any CPU.Build.0 = Release|Any CPU
		{0504DA41-0A70-47E5-B914-C69151A7A9AC}.Debug|Any CPU.ActiveCfg = Debug|Any CPU
		{0504DA41-0A70-47E5-B914-C69151A7A9AC}.Debug|Any CPU.Build.0 = Debug|Any CPU
		{0504DA41-0A70-47E5-B914-C69151A7A9AC}.Debug|Any CPU.Deploy.0 = Debug|Any CPU
		{0504DA41-0A70-47E5-B914-C69151A7A9AC}.Release|Any CPU.ActiveCfg = Release|Any CPU
		{0504DA41-0A70-47E5-B914-C69151A7A9AC}.Release|Any CPU.Build.0 = Release|Any CPU
		{0504DA41-0A70-47E5-B914-C69151A7A9AC}.Release|Any CPU.Deploy.0 = Release|Any CPU
	EndGlobalSection
	GlobalSection(SolutionProperties) = preSolution
		HideSolutionNode = FALSE
	EndGlobalSection
EndGlobal
